
Microsoft Visual Studio Solution File, Format Version 12.00
# Visual Studio Version 17
VisualStudioVersion = 17.5.33627.172
MinimumVisualStudioVersion = 10.0.40219.1
Project("{FAE04EC0-301F-11D3-BF4B-00C04F79EFBC}") = "Emotional.Planet", "Emotional.Planet\Emotional.Planet.csproj", "{1265A74E-14F5-484C-821B-8B846151C24D}"
EndProject
Global
	GlobalSection(SolutionConfigurationPlatforms) = preSolution
		Debug|Any CPU = Debug|Any CPU
		Release|Any CPU = Release|Any CPU
	EndGlobalSection
	GlobalSection(ProjectConfigurationPlatforms) = postSolution
		{1265A74E-14F5-484C-821B-8B846151C24D}.Debug|Any CPU.ActiveCfg = Debug|Any CPU
		{1265A74E-14F5-484C-821B-8B846151C24D}.Debug|Any CPU.Build.0 = Debug|Any CPU
		{1265A74E-14F5-484C-821B-8B846151C24D}.Release|Any CPU.ActiveCfg = Release|Any CPU
		{1265A74E-14F5-484C-821B-8B846151C24D}.Release|Any CPU.Build.0 = Release|Any CPU
	EndGlobalSection
	GlobalSection(SolutionProperties) = preSolution
		HideSolutionNode = FALSE
	EndGlobalSection
	GlobalSection(ExtensibilityGlobals) = postSolution
		SolutionGuid = {07D15F71-7CD3-4AA8-8462-85C319011F22}
	EndGlobalSection
EndGlobal
